schema: '2.0'
stages:
  crawl_data:
    cmd: python crawler/crawler.py
    deps:
    - path: config/crawl_config.yaml
      hash: md5
      md5: 91cb4bfc4f019ac07b2a5eebcc27223b
      size: 118
    - path: crawler/crawler.py
      hash: md5
      md5: 4ed770eca66cffe4eb3cf2cb0c90d76d
      size: 3548
  autolabel:
    cmd: python auto_label/autolabel.py
    deps:
    - path: auto_label/autolabel.py
      hash: md5
      md5: 291f977e177aa5f91b4320a78bf23b47
      size: 5054
    - path: auto_label/yolov8x.pt
      hash: md5
      md5: 4c95f9d1dee56fd1f12c80f3be3139a3
      size: 136890692
    - path: data/data.yaml
      hash: md5
      md5: 013be36be5fa016cd2798eeb7b500f34
      size: 74
    - path: data/raw/images
      hash: md5
      md5: fa718a10c1238acbd288d374dc75f4b2.dir
      size: 18906503
      nfiles: 60
    outs:
    - path: data/labeled
      hash: md5
      md5: 9255c9306cf94a5780d9a71b75f3d7fc.dir
      size: 18922387
      nfiles: 180
  augment_data:
    cmd: python processing/preprocess.py
    deps:
    - path: data/labeled/train/images
      hash: md5
      md5: 9dba691fb187e3d95a0565208cf2c5e7.dir
      size: 10058056
      nfiles: 42
    - path: data/labeled/train/labels
      hash: md5
      md5: e5184ee9dfe392754b7c4026b644d7ce.dir
      size: 6118
      nfiles: 42
    - path: processing/preprocess.py
      hash: md5
      md5: b351ac58ad35e6095f66c3ce37088c89
      size: 6527
    outs:
    - path: data/processed/test
      hash: md5
      md5: 7d7ab5741317ecbc0f750a3219539f77.dir
      size: 1332560
      nfiles: 10
    - path: data/processed/train/images
      hash: md5
      md5: 5ec951558e01a397e88b625611b84c4d.dir
      size: 43996921
      nfiles: 70
    - path: data/processed/train/labels
      hash: md5
      md5: 16a1b5ced99ee2e8880d89c185890711.dir
      size: 13132
      nfiles: 70
    - path: data/processed/val
      hash: md5
      md5: 4dae4711180b6df8a7be6791bef3107e.dir
      size: 3218083
      nfiles: 20
