schema: '2.0'
stages:
  crawl_data:
    cmd: python crawler/crawler.py
    deps:
    - path: config/crawl_config.yaml
      hash: md5
      md5: 91cb4bfc4f019ac07b2a5eebcc27223b
      size: 118
    - path: crawler/crawler.py
      hash: md5
      md5: 4ed770eca66cffe4eb3cf2cb0c90d76d
      size: 3548
  autolabel:
    cmd: python auto_label/autolabel.py
    deps:
    - path: auto_label/autolabel.py
      hash: md5
      md5: 291f977e177aa5f91b4320a78bf23b47
      size: 5054
    - path: auto_label/yolov8x.pt
      hash: md5
      md5: 4c95f9d1dee56fd1f12c80f3be3139a3
      size: 136890692
    - path: data/data.yaml
      hash: md5
      md5: 013be36be5fa016cd2798eeb7b500f34
      size: 74
    - path: data/raw/images
      hash: md5
      md5: 78837c06a7ef5f0dab3823173bf02db0.dir
      size: 7810305
      nfiles: 15
    outs:
    - path: data/labeled
      hash: md5
      md5: 498f10ade42f20975d8937df8388f215.dir
      size: 7815549
      nfiles: 45
  augment_data:
    cmd: python processing/preprocess.py
    deps:
    - path: data/labeled/train
      hash: md5
      md5: 7da9c2e9d7f9c496d916f4603f3e723c.dir
      size: 5169411
      nfiles: 20
    - path: data/labeled/train/labels
      hash: md5
      md5: 9a73a2e557563f353a6c64726d1d0087.dir
      size: 1748
      nfiles: 10
    - path: processing/preprocess.py
      hash: md5
      md5: 9bd9f271f4b0d5fd9be496f694d655c4
      size: 6067
    outs:
    - path: data/processed/test
      hash: md5
      md5: d751713988987e9331980363e24189ce.dir
      size: 0
      nfiles: 0
    - path: data/processed/train/images
      hash: md5
      md5: d751713988987e9331980363e24189ce.dir
      size: 0
      nfiles: 0
    - path: data/processed/train/labels
      hash: md5
      md5: d751713988987e9331980363e24189ce.dir
      size: 0
      nfiles: 0
    - path: data/processed/val
      hash: md5
      md5: d751713988987e9331980363e24189ce.dir
      size: 0
      nfiles: 0
