schema: '2.0'
stages:
  crawl_data:
    cmd: python crawler/crawler.py
    deps:
    - path: config/crawl_config.yaml
      hash: md5
      md5: 91cb4bfc4f019ac07b2a5eebcc27223b
      size: 118
    - path: crawler/crawler.py
      hash: md5
      md5: 4ed770eca66cffe4eb3cf2cb0c90d76d
      size: 3548
  autolabel:
    cmd: python auto_label/autolabel.py
    deps:
    - path: auto_label/autolabel.py
      hash: md5
      md5: 291f977e177aa5f91b4320a78bf23b47
      size: 5054
    - path: auto_label/yolov8x.pt
      hash: md5
      md5: 4c95f9d1dee56fd1f12c80f3be3139a3
      size: 136890692
    - path: data/data.yaml
      hash: md5
      md5: 013be36be5fa016cd2798eeb7b500f34
      size: 74
    - path: data/raw/images
      hash: md5
      md5: 10a748bda1e04c7103e6e4d15bc64d6c.dir
      size: 143123190
      nfiles: 24
    outs:
    - path: data/labeled
      hash: md5
      md5: 54f8d089b4ce6db202f7d26bb947ece7.dir
      size: 143126838
      nfiles: 72
  augment_data:
    cmd: python processing/preprocess.py
    deps:
    - path: data/labeled/train
      hash: md5
      md5: 3adb55d21ba7c1ebf0a25bb774fa9bda.dir
      size: 110051093
      nfiles: 32
    - path: data/labeled/train/labels
      hash: md5
      md5: b521463aa3a8305f635e334d5a8299f5.dir
      size: 1216
      nfiles: 16
    - path: processing/preprocess.py
      hash: md5
      md5: 9bd9f271f4b0d5fd9be496f694d655c4
      size: 6067
    outs:
    - path: data/processed/test
      hash: md5
      md5: 029e22f1f0f530638653e4c9f9112c20.dir
      size: 7173340
      nfiles: 4
    - path: data/processed/train/images
      hash: md5
      md5: d9a890fdaf42d62e9d23cdb71ec4f25b.dir
      size: 143194186
      nfiles: 14
    - path: data/processed/train/labels
      hash: md5
      md5: b891c1038a085bbc3eb86153bb203256.dir
      size: 2067
      nfiles: 14
    - path: data/processed/val
      hash: md5
      md5: a9a4ef86b746cdadd22e81e621c5e60a.dir
      size: 12877720
      nfiles: 8
